
Microsoft Visual Studio Solution File, Format Version 12.00
# Visual Studio Version 16
VisualStudioVersion = 16.0.29025.244
MinimumVisualStudioVersion = 10.0.40219.1
Project("{FAE04EC0-301F-11D3-BF4B-00C04F79EFBC}") = "TRMDataManager", "TRMDataManager\TRMDataManager.csproj", "{C98ECC26-9B9A-45D7-8DA0-5E7EBEFEE70A}"
EndProject
Global
	GlobalSection(SolutionConfigurationPlatforms) = preSolution
		Debug|Any CPU = Debug|Any CPU
		Release|Any CPU = Release|Any CPU
	EndGlobalSection
	GlobalSection(ProjectConfigurationPlatforms) = postSolution
		{C98ECC26-9B9A-45D7-8DA0-5E7EBEFEE70A}.Debug|Any CPU.ActiveCfg = Debug|Any CPU
		{C98ECC26-9B9A-45D7-8DA0-5E7EBEFEE70A}.Debug|Any CPU.Build.0 = Debug|Any CPU
		{C98ECC26-9B9A-45D7-8DA0-5E7EBEFEE70A}.Release|Any CPU.ActiveCfg = Release|Any CPU
		{C98ECC26-9B9A-45D7-8DA0-5E7EBEFEE70A}.Release|Any CPU.Build.0 = Release|Any CPU
	EndGlobalSection
	GlobalSection(SolutionProperties) = preSolution
		HideSolutionNode = FALSE
	EndGlobalSection
	GlobalSection(ExtensibilityGlobals) = postSolution
		SolutionGuid = {0C23107E-4E82-4616-90F3-666696AF4F1F}
	EndGlobalSection
EndGlobal
